
Microsoft Visual Studio Solution File, Format Version 12.00
# Visual Studio Version 17
VisualStudioVersion = 17.0.31903.59
MinimumVisualStudioVersion = 10.0.40219.1
Project("{2150E333-8FDC-42A3-9474-1A3956D46DE8}") = "API", "API", "{D82C56D6-B2CD-F611-9E31-04638F7EC30E}"
EndProject
Project("{2150E333-8FDC-42A3-9474-1A3956D46DE8}") = "src", "src", "{7218997D-3624-D017-E052-9D306D24EF0B}"
EndProject
Project("{FAE04EC0-301F-11D3-BF4B-00C04F79EFBC}") = "ExpenseManager.API", "API\src\ExpenseManager.API\ExpenseManager.API.csproj", "{DB794607-4768-4058-B6B6-45CC69091B04}"
EndProject
Project("{FAE04EC0-301F-11D3-BF4B-00C04F79EFBC}") = "ExpenseManager.Application", "API\src\ExpenseManager.Application\ExpenseManager.Application.csproj", "{8E2F85DC-2F48-4C22-813D-2BD3F906711A}"
EndProject
Project("{FAE04EC0-301F-11D3-BF4B-00C04F79EFBC}") = "ExpenseManager.Domain", "API\src\ExpenseManager.Domain\ExpenseManager.Domain.csproj", "{DE288716-B5EC-4EA5-8235-F172BF6F445C}"
EndProject
Project("{FAE04EC0-301F-11D3-BF4B-00C04F79EFBC}") = "ExpenseManager.Infrastructure", "API\src\ExpenseManager.Infrastructure\ExpenseManager.Infrastructure.csproj", "{32357AB9-9F54-4FE1-916C-64B67E08F145}"
EndProject
Project("{FAE04EC0-301F-11D3-BF4B-00C04F79EFBC}") = "ExpenseManager.Shared", "API\src\ExpenseManager.Shared\ExpenseManager.Shared.csproj", "{BF4CC816-1766-4F2D-A4EB-F74E6A1CAE07}"
EndProject
Project("{2150E333-8FDC-42A3-9474-1A3956D46DE8}") = "tests", "tests", "{BA474DCE-A160-6553-7451-04E3D54504A5}"
EndProject
Project("{FAE04EC0-301F-11D3-BF4B-00C04F79EFBC}") = "ExpenseManager.IntegrationTests", "API\tests\ExpenseManager.IntegrationTests\ExpenseManager.IntegrationTests.csproj", "{01835480-B58A-4C21-A934-BCFDBAE83D6A}"
EndProject
Project("{FAE04EC0-301F-11D3-BF4B-00C04F79EFBC}") = "ExpenseManager.UnitTests", "API\tests\ExpenseManager.UnitTests\ExpenseManager.UnitTests.csproj", "{84F1C022-1BD6-4F3A-B5BC-C6C05F721C71}"
EndProject
Project("{FAE04EC0-301F-11D3-BF4B-00C04F79EFBC}") = "ExpenseManager.Persistance", "API\src\ExpenseManager.Persistance\ExpenseManager.Persistance.csproj", "{B63DBCD2-F858-4C4D-AB31-ABC79BCF1809}"
EndProject
Global
	GlobalSection(SolutionConfigurationPlatforms) = preSolution
		Debug|Any CPU = Debug|Any CPU
		Debug|x64 = Debug|x64
		Debug|x86 = Debug|x86
		Release|Any CPU = Release|Any CPU
		Release|x64 = Release|x64
		Release|x86 = Release|x86
	EndGlobalSection
	GlobalSection(ProjectConfigurationPlatforms) = postSolution
		{DB794607-4768-4058-B6B6-45CC69091B04}.Debug|Any CPU.ActiveCfg = Debug|Any CPU
		{DB794607-4768-4058-B6B6-45CC69091B04}.Debug|Any CPU.Build.0 = Debug|Any CPU
		{DB794607-4768-4058-B6B6-45CC69091B04}.Debug|x64.ActiveCfg = Debug|Any CPU
		{DB794607-4768-4058-B6B6-45CC69091B04}.Debug|x64.Build.0 = Debug|Any CPU
		{DB794607-4768-4058-B6B6-45CC69091B04}.Debug|x86.ActiveCfg = Debug|Any CPU
		{DB794607-4768-4058-B6B6-45CC69091B04}.Debug|x86.Build.0 = Debug|Any CPU
		{DB794607-4768-4058-B6B6-45CC69091B04}.Release|Any CPU.ActiveCfg = Release|Any CPU
		{DB794607-4768-4058-B6B6-45CC69091B04}.Release|Any CPU.Build.0 = Release|Any CPU
		{DB794607-4768-4058-B6B6-45CC69091B04}.Release|x64.ActiveCfg = Release|Any CPU
		{DB794607-4768-4058-B6B6-45CC69091B04}.Release|x64.Build.0 = Release|Any CPU
		{DB794607-4768-4058-B6B6-45CC69091B04}.Release|x86.ActiveCfg = Release|Any CPU
		{DB794607-4768-4058-B6B6-45CC69091B04}.Release|x86.Build.0 = Release|Any CPU
		{8E2F85DC-2F48-4C22-813D-2BD3F906711A}.Debug|Any CPU.ActiveCfg = Debug|Any CPU
		{8E2F85DC-2F48-4C22-813D-2BD3F906711A}.Debug|Any CPU.Build.0 = Debug|Any CPU
		{8E2F85DC-2F48-4C22-813D-2BD3F906711A}.Debug|x64.ActiveCfg = Debug|Any CPU
		{8E2F85DC-2F48-4C22-813D-2BD3F906711A}.Debug|x64.Build.0 = Debug|Any CPU
		{8E2F85DC-2F48-4C22-813D-2BD3F906711A}.Debug|x86.ActiveCfg = Debug|Any CPU
		{8E2F85DC-2F48-4C22-813D-2BD3F906711A}.Debug|x86.Build.0 = Debug|Any CPU
		{8E2F85DC-2F48-4C22-813D-2BD3F906711A}.Release|Any CPU.ActiveCfg = Release|Any CPU
		{8E2F85DC-2F48-4C22-813D-2BD3F906711A}.Release|Any CPU.Build.0 = Release|Any CPU
		{8E2F85DC-2F48-4C22-813D-2BD3F906711A}.Release|x64.ActiveCfg = Release|Any CPU
		{8E2F85DC-2F48-4C22-813D-2BD3F906711A}.Release|x64.Build.0 = Release|Any CPU
		{8E2F85DC-2F48-4C22-813D-2BD3F906711A}.Release|x86.ActiveCfg = Release|Any CPU
		{8E2F85DC-2F48-4C22-813D-2BD3F906711A}.Release|x86.Build.0 = Release|Any CPU
		{DE288716-B5EC-4EA5-8235-F172BF6F445C}.Debug|Any CPU.ActiveCfg = Debug|Any CPU
		{DE288716-B5EC-4EA5-8235-F172BF6F445C}.Debug|Any CPU.Build.0 = Debug|Any CPU
		{DE288716-B5EC-4EA5-8235-F172BF6F445C}.Debug|x64.ActiveCfg = Debug|Any CPU
		{DE288716-B5EC-4EA5-8235-F172BF6F445C}.Debug|x64.Build.0 = Debug|Any CPU
		{DE288716-B5EC-4EA5-8235-F172BF6F445C}.Debug|x86.ActiveCfg = Debug|Any CPU
		{DE288716-B5EC-4EA5-8235-F172BF6F445C}.Debug|x86.Build.0 = Debug|Any CPU
		{DE288716-B5EC-4EA5-8235-F172BF6F445C}.Release|Any CPU.ActiveCfg = Release|Any CPU
		{DE288716-B5EC-4EA5-8235-F172BF6F445C}.Release|Any CPU.Build.0 = Release|Any CPU
		{DE288716-B5EC-4EA5-8235-F172BF6F445C}.Release|x64.ActiveCfg = Release|Any CPU
		{DE288716-B5EC-4EA5-8235-F172BF6F445C}.Release|x64.Build.0 = Release|Any CPU
		{DE288716-B5EC-4EA5-8235-F172BF6F445C}.Release|x86.ActiveCfg = Release|Any CPU
		{DE288716-B5EC-4EA5-8235-F172BF6F445C}.Release|x86.Build.0 = Release|Any CPU
		{32357AB9-9F54-4FE1-916C-64B67E08F145}.Debug|Any CPU.ActiveCfg = Debug|Any CPU
		{32357AB9-9F54-4FE1-916C-64B67E08F145}.Debug|Any CPU.Build.0 = Debug|Any CPU
		{32357AB9-9F54-4FE1-916C-64B67E08F145}.Debug|x64.ActiveCfg = Debug|Any CPU
		{32357AB9-9F54-4FE1-916C-64B67E08F145}.Debug|x64.Build.0 = Debug|Any CPU
		{32357AB9-9F54-4FE1-916C-64B67E08F145}.Debug|x86.ActiveCfg = Debug|Any CPU
		{32357AB9-9F54-4FE1-916C-64B67E08F145}.Debug|x86.Build.0 = Debug|Any CPU
		{32357AB9-9F54-4FE1-916C-64B67E08F145}.Release|Any CPU.ActiveCfg = Release|Any CPU
		{32357AB9-9F54-4FE1-916C-64B67E08F145}.Release|Any CPU.Build.0 = Release|Any CPU
		{32357AB9-9F54-4FE1-916C-64B67E08F145}.Release|x64.ActiveCfg = Release|Any CPU
		{32357AB9-9F54-4FE1-916C-64B67E08F145}.Release|x64.Build.0 = Release|Any CPU
		{32357AB9-9F54-4FE1-916C-64B67E08F145}.Release|x86.ActiveCfg = Release|Any CPU
		{32357AB9-9F54-4FE1-916C-64B67E08F145}.Release|x86.Build.0 = Release|Any CPU
		{BF4CC816-1766-4F2D-A4EB-F74E6A1CAE07}.Debug|Any CPU.ActiveCfg = Debug|Any CPU
		{BF4CC816-1766-4F2D-A4EB-F74E6A1CAE07}.Debug|Any CPU.Build.0 = Debug|Any CPU
		{BF4CC816-1766-4F2D-A4EB-F74E6A1CAE07}.Debug|x64.ActiveCfg = Debug|Any CPU
		{BF4CC816-1766-4F2D-A4EB-F74E6A1CAE07}.Debug|x64.Build.0 = Debug|Any CPU
		{BF4CC816-1766-4F2D-A4EB-F74E6A1CAE07}.Debug|x86.ActiveCfg = Debug|Any CPU
		{BF4CC816-1766-4F2D-A4EB-F74E6A1CAE07}.Debug|x86.Build.0 = Debug|Any CPU
		{BF4CC816-1766-4F2D-A4EB-F74E6A1CAE07}.Release|Any CPU.ActiveCfg = Release|Any CPU
		{BF4CC816-1766-4F2D-A4EB-F74E6A1CAE07}.Release|Any CPU.Build.0 = Release|Any CPU
		{BF4CC816-1766-4F2D-A4EB-F74E6A1CAE07}.Release|x64.ActiveCfg = Release|Any CPU
		{BF4CC816-1766-4F2D-A4EB-F74E6A1CAE07}.Release|x64.Build.0 = Release|Any CPU
		{BF4CC816-1766-4F2D-A4EB-F74E6A1CAE07}.Release|x86.ActiveCfg = Release|Any CPU
		{BF4CC816-1766-4F2D-A4EB-F74E6A1CAE07}.Release|x86.Build.0 = Release|Any CPU
		{01835480-B58A-4C21-A934-BCFDBAE83D6A}.Debug|Any CPU.ActiveCfg = Debug|Any CPU
		{01835480-B58A-4C21-A934-BCFDBAE83D6A}.Debug|Any CPU.Build.0 = Debug|Any CPU
		{01835480-B58A-4C21-A934-BCFDBAE83D6A}.Debug|x64.ActiveCfg = Debug|Any CPU
		{01835480-B58A-4C21-A934-BCFDBAE83D6A}.Debug|x64.Build.0 = Debug|Any CPU
		{01835480-B58A-4C21-A934-BCFDBAE83D6A}.Debug|x86.ActiveCfg = Debug|Any CPU
		{01835480-B58A-4C21-A934-BCFDBAE83D6A}.Debug|x86.Build.0 = Debug|Any CPU
		{01835480-B58A-4C21-A934-BCFDBAE83D6A}.Release|Any CPU.ActiveCfg = Release|Any CPU
		{01835480-B58A-4C21-A934-BCFDBAE83D6A}.Release|Any CPU.Build.0 = Release|Any CPU
		{01835480-B58A-4C21-A934-BCFDBAE83D6A}.Release|x64.ActiveCfg = Release|Any CPU
		{01835480-B58A-4C21-A934-BCFDBAE83D6A}.Release|x64.Build.0 = Release|Any CPU
		{01835480-B58A-4C21-A934-BCFDBAE83D6A}.Release|x86.ActiveCfg = Release|Any CPU
		{01835480-B58A-4C21-A934-BCFDBAE83D6A}.Release|x86.Build.0 = Release|Any CPU
		{84F1C022-1BD6-4F3A-B5BC-C6C05F721C71}.Debug|Any CPU.ActiveCfg = Debug|Any CPU
		{84F1C022-1BD6-4F3A-B5BC-C6C05F721C71}.Debug|Any CPU.Build.0 = Debug|Any CPU
		{84F1C022-1BD6-4F3A-B5BC-C6C05F721C71}.Debug|x64.ActiveCfg = Debug|Any CPU
		{84F1C022-1BD6-4F3A-B5BC-C6C05F721C71}.Debug|x64.Build.0 = Debug|Any CPU
		{84F1C022-1BD6-4F3A-B5BC-C6C05F721C71}.Debug|x86.ActiveCfg = Debug|Any CPU
		{84F1C022-1BD6-4F3A-B5BC-C6C05F721C71}.Debug|x86.Build.0 = Debug|Any CPU
		{84F1C022-1BD6-4F3A-B5BC-C6C05F721C71}.Release|Any CPU.ActiveCfg = Release|Any CPU
		{84F1C022-1BD6-4F3A-B5BC-C6C05F721C71}.Release|Any CPU.Build.0 = Release|Any CPU
		{84F1C022-1BD6-4F3A-B5BC-C6C05F721C71}.Release|x64.ActiveCfg = Release|Any CPU
		{84F1C022-1BD6-4F3A-B5BC-C6C05F721C71}.Release|x64.Build.0 = Release|Any CPU
		{84F1C022-1BD6-4F3A-B5BC-C6C05F721C71}.Release|x86.ActiveCfg = Release|Any CPU
		{84F1C022-1BD6-4F3A-B5BC-C6C05F721C71}.Release|x86.Build.0 = Release|Any CPU
		{B63DBCD2-F858-4C4D-AB31-ABC79BCF1809}.Debug|Any CPU.ActiveCfg = Debug|Any CPU
		{B63DBCD2-F858-4C4D-AB31-ABC79BCF1809}.Debug|Any CPU.Build.0 = Debug|Any CPU
		{B63DBCD2-F858-4C4D-AB31-ABC79BCF1809}.Debug|x64.ActiveCfg = Debug|Any CPU
		{B63DBCD2-F858-4C4D-AB31-ABC79BCF1809}.Debug|x64.Build.0 = Debug|Any CPU
		{B63DBCD2-F858-4C4D-AB31-ABC79BCF1809}.Debug|x86.ActiveCfg = Debug|Any CPU
		{B63DBCD2-F858-4C4D-AB31-ABC79BCF1809}.Debug|x86.Build.0 = Debug|Any CPU
		{B63DBCD2-F858-4C4D-AB31-ABC79BCF1809}.Release|Any CPU.ActiveCfg = Release|Any CPU
		{B63DBCD2-F858-4C4D-AB31-ABC79BCF1809}.Release|Any CPU.Build.0 = Release|Any CPU
		{B63DBCD2-F858-4C4D-AB31-ABC79BCF1809}.Release|x64.ActiveCfg = Release|Any CPU
		{B63DBCD2-F858-4C4D-AB31-ABC79BCF1809}.Release|x64.Build.0 = Release|Any CPU
		{B63DBCD2-F858-4C4D-AB31-ABC79BCF1809}.Release|x86.ActiveCfg = Release|Any CPU
		{B63DBCD2-F858-4C4D-AB31-ABC79BCF1809}.Release|x86.Build.0 = Release|Any CPU
	EndGlobalSection
	GlobalSection(SolutionProperties) = preSolution
		HideSolutionNode = FALSE
	EndGlobalSection
	GlobalSection(NestedProjects) = preSolution
		{7218997D-3624-D017-E052-9D306D24EF0B} = {D82C56D6-B2CD-F611-9E31-04638F7EC30E}
		{DB794607-4768-4058-B6B6-45CC69091B04} = {7218997D-3624-D017-E052-9D306D24EF0B}
		{8E2F85DC-2F48-4C22-813D-2BD3F906711A} = {7218997D-3624-D017-E052-9D306D24EF0B}
		{DE288716-B5EC-4EA5-8235-F172BF6F445C} = {7218997D-3624-D017-E052-9D306D24EF0B}
		{32357AB9-9F54-4FE1-916C-64B67E08F145} = {7218997D-3624-D017-E052-9D306D24EF0B}
		{BF4CC816-1766-4F2D-A4EB-F74E6A1CAE07} = {7218997D-3624-D017-E052-9D306D24EF0B}
		{BA474DCE-A160-6553-7451-04E3D54504A5} = {D82C56D6-B2CD-F611-9E31-04638F7EC30E}
		{01835480-B58A-4C21-A934-BCFDBAE83D6A} = {BA474DCE-A160-6553-7451-04E3D54504A5}
		{84F1C022-1BD6-4F3A-B5BC-C6C05F721C71} = {BA474DCE-A160-6553-7451-04E3D54504A5}
		{B63DBCD2-F858-4C4D-AB31-ABC79BCF1809} = {7218997D-3624-D017-E052-9D306D24EF0B}
	EndGlobalSection
EndGlobal
